// !$*UTF8*$!
{
	archiveVersion = 1;
	classes = {
	};
	objectVersion = 50;
	objects = {

/* Begin PBXBuildFile section */
		4BD61683A82FD3E5F81E127A /* Pods_Smack.framework in Frameworks */ = {isa = PBXBuildFile; fileRef = 5A28C153FCB6834666C41F63 /* Pods_Smack.framework */; };
		639AC10921FB79E400B66008 /* AppDelegate.swift in Sources */ = {isa = PBXBuildFile; fileRef = 639AC10821FB79E400B66008 /* AppDelegate.swift */; };
		639AC10E21FB79E400B66008 /* Main.storyboard in Resources */ = {isa = PBXBuildFile; fileRef = 639AC10C21FB79E400B66008 /* Main.storyboard */; };
		639AC11021FB79E600B66008 /* Assets.xcassets in Resources */ = {isa = PBXBuildFile; fileRef = 639AC10F21FB79E600B66008 /* Assets.xcassets */; };
		639AC11321FB79E600B66008 /* LaunchScreen.storyboard in Resources */ = {isa = PBXBuildFile; fileRef = 639AC11121FB79E600B66008 /* LaunchScreen.storyboard */; };
		639AC11E21FB79E600B66008 /* SmackTests.swift in Sources */ = {isa = PBXBuildFile; fileRef = 639AC11D21FB79E600B66008 /* SmackTests.swift */; };
		639AC12921FB79E600B66008 /* SmackUITests.swift in Sources */ = {isa = PBXBuildFile; fileRef = 639AC12821FB79E600B66008 /* SmackUITests.swift */; };
		639AC13A21FB7F7F00B66008 /* SWRevealViewController.m in Sources */ = {isa = PBXBuildFile; fileRef = 639AC13821FB7F7F00B66008 /* SWRevealViewController.m */; };
		639AC13F21FB82C100B66008 /* ChatVC.swift in Sources */ = {isa = PBXBuildFile; fileRef = 639AC13E21FB82C100B66008 /* ChatVC.swift */; };
		639AC14121FB82D300B66008 /* ChannelVC.swift in Sources */ = {isa = PBXBuildFile; fileRef = 639AC14021FB82D300B66008 /* ChannelVC.swift */; };
		63CAF5AD21FB87EB006D6B39 /* GradientView.swift in Sources */ = {isa = PBXBuildFile; fileRef = 63CAF5AC21FB87EB006D6B39 /* GradientView.swift */; };
		63CAF5B021FB9419006D6B39 /* Constants.swift in Sources */ = {isa = PBXBuildFile; fileRef = 63CAF5AF21FB9419006D6B39 /* Constants.swift */; };
		63CAF5B221FB9828006D6B39 /* LoginVC.swift in Sources */ = {isa = PBXBuildFile; fileRef = 63CAF5B121FB9828006D6B39 /* LoginVC.swift */; };
		7F7E42C93572B9AF9E84AF91 /* Pods_SmackUITests.framework in Frameworks */ = {isa = PBXBuildFile; fileRef = E71DE56F405E884AC77CDF9A /* Pods_SmackUITests.framework */; };
		A80674224D04E8AF2EB44353 /* Pods_SmackTests.framework in Frameworks */ = {isa = PBXBuildFile; fileRef = 2408B3D44713FB84E79F7A7A /* Pods_SmackTests.framework */; };
/* End PBXBuildFile section */

/* Begin PBXContainerItemProxy section */
		639AC11A21FB79E600B66008 /* PBXContainerItemProxy */ = {
			isa = PBXContainerItemProxy;
			containerPortal = 639AC0FD21FB79E400B66008 /* Project object */;
			proxyType = 1;
			remoteGlobalIDString = 639AC10421FB79E400B66008;
			remoteInfo = Smack;
		};
		639AC12521FB79E600B66008 /* PBXContainerItemProxy */ = {
			isa = PBXContainerItemProxy;
			containerPortal = 639AC0FD21FB79E400B66008 /* Project object */;
			proxyType = 1;
			remoteGlobalIDString = 639AC10421FB79E400B66008;
			remoteInfo = Smack;
		};
/* End PBXContainerItemProxy section */

/* Begin PBXFileReference section */
		0DDE3C061FFFC44D0DF44B3A /* Pods-SmackUITests.release.xcconfig */ = {isa = PBXFileReference; includeInIndex = 1; lastKnownFileType = text.xcconfig; name = "Pods-SmackUITests.release.xcconfig"; path = "Pods/Target Support Files/Pods-SmackUITests/Pods-SmackUITests.release.xcconfig"; sourceTree = "<group>"; };
		2408B3D44713FB84E79F7A7A /* Pods_SmackTests.framework */ = {isa = PBXFileReference; explicitFileType = wrapper.framework; includeInIndex = 0; path = Pods_SmackTests.framework; sourceTree = BUILT_PRODUCTS_DIR; };
		3FB1F8AB8DA9EAB13DECD636 /* Pods-SmackTests.debug.xcconfig */ = {isa = PBXFileReference; includeInIndex = 1; lastKnownFileType = text.xcconfig; name = "Pods-SmackTests.debug.xcconfig"; path = "Pods/Target Support Files/Pods-SmackTests/Pods-SmackTests.debug.xcconfig"; sourceTree = "<group>"; };
		5A28C153FCB6834666C41F63 /* Pods_Smack.framework */ = {isa = PBXFileReference; explicitFileType = wrapper.framework; includeInIndex = 0; path = Pods_Smack.framework; sourceTree = BUILT_PRODUCTS_DIR; };
		639AC10521FB79E400B66008 /* Smack.app */ = {isa = PBXFileReference; explicitFileType = wrapper.application; includeInIndex = 0; path = Smack.app; sourceTree = BUILT_PRODUCTS_DIR; };
		639AC10821FB79E400B66008 /* AppDelegate.swift */ = {isa = PBXFileReference; lastKnownFileType = sourcecode.swift; path = AppDelegate.swift; sourceTree = "<group>"; };
		639AC10D21FB79E400B66008 /* Base */ = {isa = PBXFileReference; lastKnownFileType = file.storyboard; name = Base; path = Base.lproj/Main.storyboard; sourceTree = "<group>"; };
		639AC10F21FB79E600B66008 /* Assets.xcassets */ = {isa = PBXFileReference; lastKnownFileType = folder.assetcatalog; path = Assets.xcassets; sourceTree = "<group>"; };
		639AC11221FB79E600B66008 /* Base */ = {isa = PBXFileReference; lastKnownFileType = file.storyboard; name = Base; path = Base.lproj/LaunchScreen.storyboard; sourceTree = "<group>"; };
		639AC11421FB79E600B66008 /* Info.plist */ = {isa = PBXFileReference; lastKnownFileType = text.plist.xml; path = Info.plist; sourceTree = "<group>"; };
		639AC11921FB79E600B66008 /* SmackTests.xctest */ = {isa = PBXFileReference; explicitFileType = wrapper.cfbundle; includeInIndex = 0; path = SmackTests.xctest; sourceTree = BUILT_PRODUCTS_DIR; };
		639AC11D21FB79E600B66008 /* SmackTests.swift */ = {isa = PBXFileReference; lastKnownFileType = sourcecode.swift; path = SmackTests.swift; sourceTree = "<group>"; };
		639AC11F21FB79E600B66008 /* Info.plist */ = {isa = PBXFileReference; lastKnownFileType = text.plist.xml; path = Info.plist; sourceTree = "<group>"; };
		639AC12421FB79E600B66008 /* SmackUITests.xctest */ = {isa = PBXFileReference; explicitFileType = wrapper.cfbundle; includeInIndex = 0; path = SmackUITests.xctest; sourceTree = BUILT_PRODUCTS_DIR; };
		639AC12821FB79E600B66008 /* SmackUITests.swift */ = {isa = PBXFileReference; lastKnownFileType = sourcecode.swift; path = SmackUITests.swift; sourceTree = "<group>"; };
		639AC12A21FB79E600B66008 /* Info.plist */ = {isa = PBXFileReference; lastKnownFileType = text.plist.xml; path = Info.plist; sourceTree = "<group>"; };
		639AC13721FB7F7E00B66008 /* Smack-Bridging-Header.h */ = {isa = PBXFileReference; lastKnownFileType = sourcecode.c.h; path = "Smack-Bridging-Header.h"; sourceTree = "<group>"; };
		639AC13821FB7F7F00B66008 /* SWRevealViewController.m */ = {isa = PBXFileReference; fileEncoding = 4; lastKnownFileType = sourcecode.c.objc; path = SWRevealViewController.m; sourceTree = "<group>"; };
		639AC13921FB7F7F00B66008 /* SWRevealViewController.h */ = {isa = PBXFileReference; fileEncoding = 4; lastKnownFileType = sourcecode.c.h; path = SWRevealViewController.h; sourceTree = "<group>"; };
		639AC13E21FB82C100B66008 /* ChatVC.swift */ = {isa = PBXFileReference; lastKnownFileType = sourcecode.swift; path = ChatVC.swift; sourceTree = "<group>"; };
		639AC14021FB82D300B66008 /* ChannelVC.swift */ = {isa = PBXFileReference; lastKnownFileType = sourcecode.swift; path = ChannelVC.swift; sourceTree = "<group>"; };
		63CAF5AC21FB87EB006D6B39 /* GradientView.swift */ = {isa = PBXFileReference; lastKnownFileType = sourcecode.swift; path = GradientView.swift; sourceTree = "<group>"; };
		63CAF5AF21FB9419006D6B39 /* Constants.swift */ = {isa = PBXFileReference; lastKnownFileType = sourcecode.swift; path = Constants.swift; sourceTree = "<group>"; };
		63CAF5B121FB9828006D6B39 /* LoginVC.swift */ = {isa = PBXFileReference; lastKnownFileType = sourcecode.swift; path = LoginVC.swift; sourceTree = "<group>"; };
		D997EF3EBE183BC42FFBEB99 /* Pods-Smack.debug.xcconfig */ = {isa = PBXFileReference; includeInIndex = 1; lastKnownFileType = text.xcconfig; name = "Pods-Smack.debug.xcconfig"; path = "Pods/Target Support Files/Pods-Smack/Pods-Smack.debug.xcconfig"; sourceTree = "<group>"; };
		E71DE56F405E884AC77CDF9A /* Pods_SmackUITests.framework */ = {isa = PBXFileReference; explicitFileType = wrapper.framework; includeInIndex = 0; path = Pods_SmackUITests.framework; sourceTree = BUILT_PRODUCTS_DIR; };
		F1782ECBAE714DEE1206C5D5 /* Pods-SmackTests.release.xcconfig */ = {isa = PBXFileReference; includeInIndex = 1; lastKnownFileType = text.xcconfig; name = "Pods-SmackTests.release.xcconfig"; path = "Pods/Target Support Files/Pods-SmackTests/Pods-SmackTests.release.xcconfig"; sourceTree = "<group>"; };
		F5879DD21B3F74FBCBE714ED /* Pods-SmackUITests.debug.xcconfig */ = {isa = PBXFileReference; includeInIndex = 1; lastKnownFileType = text.xcconfig; name = "Pods-SmackUITests.debug.xcconfig"; path = "Pods/Target Support Files/Pods-SmackUITests/Pods-SmackUITests.debug.xcconfig"; sourceTree = "<group>"; };
		F8F75C82316E88D3E92ECD80 /* Pods-Smack.release.xcconfig */ = {isa = PBXFileReference; includeInIndex = 1; lastKnownFileType = text.xcconfig; name = "Pods-Smack.release.xcconfig"; path = "Pods/Target Support Files/Pods-Smack/Pods-Smack.release.xcconfig"; sourceTree = "<group>"; };
/* End PBXFileReference section */

/* Begin PBXFrameworksBuildPhase section */
		639AC10221FB79E400B66008 /* Frameworks */ = {
			isa = PBXFrameworksBuildPhase;
			buildActionMask = 2147483647;
			files = (
				4BD61683A82FD3E5F81E127A /* Pods_Smack.framework in Frameworks */,
			);
			runOnlyForDeploymentPostprocessing = 0;
		};
		639AC11621FB79E600B66008 /* Frameworks */ = {
			isa = PBXFrameworksBuildPhase;
			buildActionMask = 2147483647;
			files = (
				A80674224D04E8AF2EB44353 /* Pods_SmackTests.framework in Frameworks */,
			);
			runOnlyForDeploymentPostprocessing = 0;
		};
		639AC12121FB79E600B66008 /* Frameworks */ = {
			isa = PBXFrameworksBuildPhase;
			buildActionMask = 2147483647;
			files = (
				7F7E42C93572B9AF9E84AF91 /* Pods_SmackUITests.framework in Frameworks */,
			);
			runOnlyForDeploymentPostprocessing = 0;
		};
/* End PBXFrameworksBuildPhase section */

/* Begin PBXGroup section */
		17F543ACFA8710BA7482D233 /* Pods */ = {
			isa = PBXGroup;
			children = (
				D997EF3EBE183BC42FFBEB99 /* Pods-Smack.debug.xcconfig */,
				F8F75C82316E88D3E92ECD80 /* Pods-Smack.release.xcconfig */,
				3FB1F8AB8DA9EAB13DECD636 /* Pods-SmackTests.debug.xcconfig */,
				F1782ECBAE714DEE1206C5D5 /* Pods-SmackTests.release.xcconfig */,
				F5879DD21B3F74FBCBE714ED /* Pods-SmackUITests.debug.xcconfig */,
				0DDE3C061FFFC44D0DF44B3A /* Pods-SmackUITests.release.xcconfig */,
			);
			name = Pods;
			sourceTree = "<group>";
		};
		639AC0FC21FB79E400B66008 = {
			isa = PBXGroup;
			children = (
				639AC10721FB79E400B66008 /* Smack */,
				639AC11C21FB79E600B66008 /* SmackTests */,
				639AC12721FB79E600B66008 /* SmackUITests */,
				639AC10621FB79E400B66008 /* Products */,
				17F543ACFA8710BA7482D233 /* Pods */,
				FC8196E29686EBC271D833AF /* Frameworks */,
			);
			sourceTree = "<group>";
		};
		639AC10621FB79E400B66008 /* Products */ = {
			isa = PBXGroup;
			children = (
				639AC10521FB79E400B66008 /* Smack.app */,
				639AC11921FB79E600B66008 /* SmackTests.xctest */,
				639AC12421FB79E600B66008 /* SmackUITests.xctest */,
			);
			name = Products;
			sourceTree = "<group>";
		};
		639AC10721FB79E400B66008 /* Smack */ = {
			isa = PBXGroup;
			children = (
				63CAF5AE21FB9402006D6B39 /* Utilities */,
				639AC13D21FB808000B66008 /* Model */,
				639AC13C21FB807B00B66008 /* View */,
				639AC13B21FB807000B66008 /* Controller */,
				639AC13621FB7F0800B66008 /* Supporting Files */,
				639AC10821FB79E400B66008 /* AppDelegate.swift */,
				639AC10C21FB79E400B66008 /* Main.storyboard */,
				639AC10F21FB79E600B66008 /* Assets.xcassets */,
				639AC11121FB79E600B66008 /* LaunchScreen.storyboard */,
				639AC11421FB79E600B66008 /* Info.plist */,
			);
			path = Smack;
			sourceTree = "<group>";
		};
		639AC11C21FB79E600B66008 /* SmackTests */ = {
			isa = PBXGroup;
			children = (
				639AC11D21FB79E600B66008 /* SmackTests.swift */,
				639AC11F21FB79E600B66008 /* Info.plist */,
			);
			path = SmackTests;
			sourceTree = "<group>";
		};
		639AC12721FB79E600B66008 /* SmackUITests */ = {
			isa = PBXGroup;
			children = (
				639AC12821FB79E600B66008 /* SmackUITests.swift */,
				639AC12A21FB79E600B66008 /* Info.plist */,
			);
			path = SmackUITests;
			sourceTree = "<group>";
		};
		639AC13621FB7F0800B66008 /* Supporting Files */ = {
			isa = PBXGroup;
			children = (
				639AC13921FB7F7F00B66008 /* SWRevealViewController.h */,
				639AC13821FB7F7F00B66008 /* SWRevealViewController.m */,
				639AC13721FB7F7E00B66008 /* Smack-Bridging-Header.h */,
			);
			path = "Supporting Files";
			sourceTree = "<group>";
		};
		639AC13B21FB807000B66008 /* Controller */ = {
			isa = PBXGroup;
			children = (
				639AC13E21FB82C100B66008 /* ChatVC.swift */,
				639AC14021FB82D300B66008 /* ChannelVC.swift */,
				63CAF5B121FB9828006D6B39 /* LoginVC.swift */,
			);
			path = Controller;
			sourceTree = "<group>";
		};
		639AC13C21FB807B00B66008 /* View */ = {
			isa = PBXGroup;
			children = (
				63CAF5AC21FB87EB006D6B39 /* GradientView.swift */,
			);
			path = View;
			sourceTree = "<group>";
		};
		639AC13D21FB808000B66008 /* Model */ = {
			isa = PBXGroup;
			children = (
			);
			path = Model;
			sourceTree = "<group>";
		};
		63CAF5AE21FB9402006D6B39 /* Utilities */ = {
			isa = PBXGroup;
			children = (
				63CAF5AF21FB9419006D6B39 /* Constants.swift */,
			);
			path = Utilities;
			sourceTree = "<group>";
		};
		FC8196E29686EBC271D833AF /* Frameworks */ = {
			isa = PBXGroup;
			children = (
				5A28C153FCB6834666C41F63 /* Pods_Smack.framework */,
				2408B3D44713FB84E79F7A7A /* Pods_SmackTests.framework */,
				E71DE56F405E884AC77CDF9A /* Pods_SmackUITests.framework */,
			);
			name = Frameworks;
			sourceTree = "<group>";
		};
/* End PBXGroup section */

/* Begin PBXNativeTarget section */
		639AC10421FB79E400B66008 /* Smack */ = {
			isa = PBXNativeTarget;
			buildConfigurationList = 639AC12D21FB79E600B66008 /* Build configuration list for PBXNativeTarget "Smack" */;
			buildPhases = (
				6B00FC8D0E9AB00C504FBE83 /* [CP] Check Pods Manifest.lock */,
				639AC10121FB79E400B66008 /* Sources */,
				639AC10221FB79E400B66008 /* Frameworks */,
				639AC10321FB79E400B66008 /* Resources */,
				CA6977C102CF85EBFEA49771 /* [CP] Embed Pods Frameworks */,
			);
			buildRules = (
			);
			dependencies = (
			);
			name = Smack;
			productName = Smack;
			productReference = 639AC10521FB79E400B66008 /* Smack.app */;
			productType = "com.apple.product-type.application";
		};
		639AC11821FB79E600B66008 /* SmackTests */ = {
			isa = PBXNativeTarget;
			buildConfigurationList = 639AC13021FB79E600B66008 /* Build configuration list for PBXNativeTarget "SmackTests" */;
			buildPhases = (
				15D2EBA98806A56F2862C8CC /* [CP] Check Pods Manifest.lock */,
				639AC11521FB79E600B66008 /* Sources */,
				639AC11621FB79E600B66008 /* Frameworks */,
				639AC11721FB79E600B66008 /* Resources */,
			);
			buildRules = (
			);
			dependencies = (
				639AC11B21FB79E600B66008 /* PBXTargetDependency */,
			);
			name = SmackTests;
			productName = SmackTests;
			productReference = 639AC11921FB79E600B66008 /* SmackTests.xctest */;
			productType = "com.apple.product-type.bundle.unit-test";
		};
		639AC12321FB79E600B66008 /* SmackUITests */ = {
			isa = PBXNativeTarget;
			buildConfigurationList = 639AC13321FB79E600B66008 /* Build configuration list for PBXNativeTarget "SmackUITests" */;
			buildPhases = (
				190A1B84F965B06BE771327B /* [CP] Check Pods Manifest.lock */,
				639AC12021FB79E600B66008 /* Sources */,
				639AC12121FB79E600B66008 /* Frameworks */,
				639AC12221FB79E600B66008 /* Resources */,
			);
			buildRules = (
			);
			dependencies = (
				639AC12621FB79E600B66008 /* PBXTargetDependency */,
			);
			name = SmackUITests;
			productName = SmackUITests;
			productReference = 639AC12421FB79E600B66008 /* SmackUITests.xctest */;
			productType = "com.apple.product-type.bundle.ui-testing";
		};
/* End PBXNativeTarget section */

/* Begin PBXProject section */
		639AC0FD21FB79E400B66008 /* Project object */ = {
			isa = PBXProject;
			attributes = {
				LastSwiftUpdateCheck = 1010;
				LastUpgradeCheck = 1010;
				ORGANIZATIONNAME = "David Sadler";
				TargetAttributes = {
					639AC10421FB79E400B66008 = {
						CreatedOnToolsVersion = 10.1;
						LastSwiftMigration = 1010;
					};
					639AC11821FB79E600B66008 = {
						CreatedOnToolsVersion = 10.1;
						TestTargetID = 639AC10421FB79E400B66008;
					};
					639AC12321FB79E600B66008 = {
						CreatedOnToolsVersion = 10.1;
						TestTargetID = 639AC10421FB79E400B66008;
					};
				};
			};
			buildConfigurationList = 639AC10021FB79E400B66008 /* Build configuration list for PBXProject "Smack" */;
			compatibilityVersion = "Xcode 9.3";
			developmentRegion = en;
			hasScannedForEncodings = 0;
			knownRegions = (
				en,
				Base,
			);
			mainGroup = 639AC0FC21FB79E400B66008;
			productRefGroup = 639AC10621FB79E400B66008 /* Products */;
			projectDirPath = "";
			projectRoot = "";
			targets = (
				639AC10421FB79E400B66008 /* Smack */,
				639AC11821FB79E600B66008 /* SmackTests */,
				639AC12321FB79E600B66008 /* SmackUITests */,
			);
		};
/* End PBXProject section */

/* Begin PBXResourcesBuildPhase section */
		639AC10321FB79E400B66008 /* Resources */ = {
			isa = PBXResourcesBuildPhase;
			buildActionMask = 2147483647;
			files = (
				639AC11321FB79E600B66008 /* LaunchScreen.storyboard in Resources */,
				639AC11021FB79E600B66008 /* Assets.xcassets in Resources */,
				639AC10E21FB79E400B66008 /* Main.storyboard in Resources */,
			);
			runOnlyForDeploymentPostprocessing = 0;
		};
		639AC11721FB79E600B66008 /* Resources */ = {
			isa = PBXResourcesBuildPhase;
			buildActionMask = 2147483647;
			files = (
			);
			runOnlyForDeploymentPostprocessing = 0;
		};
		639AC12221FB79E600B66008 /* Resources */ = {
			isa = PBXResourcesBuildPhase;
			buildActionMask = 2147483647;
			files = (
			);
			runOnlyForDeploymentPostprocessing = 0;
		};
/* End PBXResourcesBuildPhase section */

/* Begin PBXShellScriptBuildPhase section */
		15D2EBA98806A56F2862C8CC /* [CP] Check Pods Manifest.lock */ = {
			isa = PBXShellScriptBuildPhase;
			buildActionMask = 2147483647;
			files = (
			);
			inputPaths = (
				"${PODS_PODFILE_DIR_PATH}/Podfile.lock",
				"${PODS_ROOT}/Manifest.lock",
			);
			name = "[CP] Check Pods Manifest.lock";
			outputPaths = (
				"$(DERIVED_FILE_DIR)/Pods-SmackTests-checkManifestLockResult.txt",
			);
			runOnlyForDeploymentPostprocessing = 0;
			shellPath = /bin/sh;
			shellScript = "diff \"${PODS_PODFILE_DIR_PATH}/Podfile.lock\" \"${PODS_ROOT}/Manifest.lock\" > /dev/null\nif [ $? != 0 ] ; then\n    # print error to STDERR\n    echo \"error: The sandbox is not in sync with the Podfile.lock. Run 'pod install' or update your CocoaPods installation.\" >&2\n    exit 1\nfi\n# This output is used by Xcode 'outputs' to avoid re-running this script phase.\necho \"SUCCESS\" > \"${SCRIPT_OUTPUT_FILE_0}\"\n";
			showEnvVarsInLog = 0;
		};
		190A1B84F965B06BE771327B /* [CP] Check Pods Manifest.lock */ = {
			isa = PBXShellScriptBuildPhase;
			buildActionMask = 2147483647;
			files = (
			);
			inputPaths = (
				"${PODS_PODFILE_DIR_PATH}/Podfile.lock",
				"${PODS_ROOT}/Manifest.lock",
			);
			name = "[CP] Check Pods Manifest.lock";
			outputPaths = (
				"$(DERIVED_FILE_DIR)/Pods-SmackUITests-checkManifestLockResult.txt",
			);
			runOnlyForDeploymentPostprocessing = 0;
			shellPath = /bin/sh;
			shellScript = "diff \"${PODS_PODFILE_DIR_PATH}/Podfile.lock\" \"${PODS_ROOT}/Manifest.lock\" > /dev/null\nif [ $? != 0 ] ; then\n    # print error to STDERR\n    echo \"error: The sandbox is not in sync with the Podfile.lock. Run 'pod install' or update your CocoaPods installation.\" >&2\n    exit 1\nfi\n# This output is used by Xcode 'outputs' to avoid re-running this script phase.\necho \"SUCCESS\" > \"${SCRIPT_OUTPUT_FILE_0}\"\n";
			showEnvVarsInLog = 0;
		};
		6B00FC8D0E9AB00C504FBE83 /* [CP] Check Pods Manifest.lock */ = {
			isa = PBXShellScriptBuildPhase;
			buildActionMask = 2147483647;
			files = (
			);
			inputPaths = (
				"${PODS_PODFILE_DIR_PATH}/Podfile.lock",
				"${PODS_ROOT}/Manifest.lock",
			);
			name = "[CP] Check Pods Manifest.lock";
			outputPaths = (
				"$(DERIVED_FILE_DIR)/Pods-Smack-checkManifestLockResult.txt",
			);
			runOnlyForDeploymentPostprocessing = 0;
			shellPath = /bin/sh;
			shellScript = "diff \"${PODS_PODFILE_DIR_PATH}/Podfile.lock\" \"${PODS_ROOT}/Manifest.lock\" > /dev/null\nif [ $? != 0 ] ; then\n    # print error to STDERR\n    echo \"error: The sandbox is not in sync with the Podfile.lock. Run 'pod install' or update your CocoaPods installation.\" >&2\n    exit 1\nfi\n# This output is used by Xcode 'outputs' to avoid re-running this script phase.\necho \"SUCCESS\" > \"${SCRIPT_OUTPUT_FILE_0}\"\n";
			showEnvVarsInLog = 0;
		};
		CA6977C102CF85EBFEA49771 /* [CP] Embed Pods Frameworks */ = {
			isa = PBXShellScriptBuildPhase;
			buildActionMask = 2147483647;
			files = (
			);
			inputPaths = (
				"${SRCROOT}/Pods/Target Support Files/Pods-Smack/Pods-Smack-frameworks.sh",
				"${BUILT_PRODUCTS_DIR}/Alamofire/Alamofire.framework",
				"${BUILT_PRODUCTS_DIR}/Socket.IO-Client-Swift/SocketIO.framework",
				"${BUILT_PRODUCTS_DIR}/Starscream/Starscream.framework",
				"${BUILT_PRODUCTS_DIR}/SwiftyJSON/SwiftyJSON.framework",
			);
			name = "[CP] Embed Pods Frameworks";
			outputPaths = (
				"${TARGET_BUILD_DIR}/${FRAMEWORKS_FOLDER_PATH}/Alamofire.framework",
				"${TARGET_BUILD_DIR}/${FRAMEWORKS_FOLDER_PATH}/SocketIO.framework",
				"${TARGET_BUILD_DIR}/${FRAMEWORKS_FOLDER_PATH}/Starscream.framework",
				"${TARGET_BUILD_DIR}/${FRAMEWORKS_FOLDER_PATH}/SwiftyJSON.framework",
			);
			runOnlyForDeploymentPostprocessing = 0;
			shellPath = /bin/sh;
			shellScript = "\"${SRCROOT}/Pods/Target Support Files/Pods-Smack/Pods-Smack-frameworks.sh\"\n";
			showEnvVarsInLog = 0;
		};
/* End PBXShellScriptBuildPhase section */

/* Begin PBXSourcesBuildPhase section */
		639AC10121FB79E400B66008 /* Sources */ = {
			isa = PBXSourcesBuildPhase;
			buildActionMask = 2147483647;
			files = (
				639AC14121FB82D300B66008 /* ChannelVC.swift in Sources */,
				639AC13F21FB82C100B66008 /* ChatVC.swift in Sources */,
				63CAF5B221FB9828006D6B39 /* LoginVC.swift in Sources */,
				63CAF5AD21FB87EB006D6B39 /* GradientView.swift in Sources */,
				639AC10921FB79E400B66008 /* AppDelegate.swift in Sources */,
				639AC13A21FB7F7F00B66008 /* SWRevealViewController.m in Sources */,
				63CAF5B021FB9419006D6B39 /* Constants.swift in Sources */,
			);
			runOnlyForDeploymentPostprocessing = 0;
		};
		639AC11521FB79E600B66008 /* Sources */ = {
			isa = PBXSourcesBuildPhase;
			buildActionMask = 2147483647;
			files = (
				639AC11E21FB79E600B66008 /* SmackTests.swift in Sources */,
			);
			runOnlyForDeploymentPostprocessing = 0;
		};
		639AC12021FB79E600B66008 /* Sources */ = {
			isa = PBXSourcesBuildPhase;
			buildActionMask = 2147483647;
			files = (
				639AC12921FB79E600B66008 /* SmackUITests.swift in Sources */,
			);
			runOnlyForDeploymentPostprocessing = 0;
		};
/* End PBXSourcesBuildPhase section */

/* Begin PBXTargetDependency section */
		639AC11B21FB79E600B66008 /* PBXTargetDependency */ = {
			isa = PBXTargetDependency;
			target = 639AC10421FB79E400B66008 /* Smack */;
			targetProxy = 639AC11A21FB79E600B66008 /* PBXContainerItemProxy */;
		};
		639AC12621FB79E600B66008 /* PBXTargetDependency */ = {
			isa = PBXTargetDependency;
			target = 639AC10421FB79E400B66008 /* Smack */;
			targetProxy = 639AC12521FB79E600B66008 /* PBXContainerItemProxy */;
		};
/* End PBXTargetDependency section */

/* Begin PBXVariantGroup section */
		639AC10C21FB79E400B66008 /* Main.storyboard */ = {
			isa = PBXVariantGroup;
			children = (
				639AC10D21FB79E400B66008 /* Base */,
			);
			name = Main.storyboard;
			sourceTree = "<group>";
		};
		639AC11121FB79E600B66008 /* LaunchScreen.storyboard */ = {
			isa = PBXVariantGroup;
			children = (
				639AC11221FB79E600B66008 /* Base */,
			);
			name = LaunchScreen.storyboard;
			sourceTree = "<group>";
		};
/* End PBXVariantGroup section */

/* Begin XCBuildConfiguration section */
		639AC12B21FB79E600B66008 /* Debug */ = {
			isa = XCBuildConfiguration;
			buildSettings = {
				ALWAYS_SEARCH_USER_PATHS = NO;
				CLANG_ANALYZER_NONNULL = YES;
				CLANG_ANALYZER_NUMBER_OBJECT_CONVERSION = YES_AGGRESSIVE;
				CLANG_CXX_LANGUAGE_STANDARD = "gnu++14";
				CLANG_CXX_LIBRARY = "libc++";
				CLANG_ENABLE_MODULES = YES;
				CLANG_ENABLE_OBJC_ARC = YES;
				CLANG_ENABLE_OBJC_WEAK = YES;
				CLANG_WARN_BLOCK_CAPTURE_AUTORELEASING = YES;
				CLANG_WARN_BOOL_CONVERSION = YES;
				CLANG_WARN_COMMA = YES;
				CLANG_WARN_CONSTANT_CONVERSION = YES;
				CLANG_WARN_DEPRECATED_OBJC_IMPLEMENTATIONS = YES;
				CLANG_WARN_DIRECT_OBJC_ISA_USAGE = YES_ERROR;
				CLANG_WARN_DOCUMENTATION_COMMENTS = YES;
				CLANG_WARN_EMPTY_BODY = YES;
				CLANG_WARN_ENUM_CONVERSION = YES;
				CLANG_WARN_INFINITE_RECURSION = YES;
				CLANG_WARN_INT_CONVERSION = YES;
				CLANG_WARN_NON_LITERAL_NULL_CONVERSION = YES;
				CLANG_WARN_OBJC_IMPLICIT_RETAIN_SELF = YES;
				CLANG_WARN_OBJC_LITERAL_CONVERSION = YES;
				CLANG_WARN_OBJC_ROOT_CLASS = YES_ERROR;
				CLANG_WARN_RANGE_LOOP_ANALYSIS = YES;
				CLANG_WARN_STRICT_PROTOTYPES = YES;
				CLANG_WARN_SUSPICIOUS_MOVE = YES;
				CLANG_WARN_UNGUARDED_AVAILABILITY = YES_AGGRESSIVE;
				CLANG_WARN_UNREACHABLE_CODE = YES;
				CLANG_WARN__DUPLICATE_METHOD_MATCH = YES;
				CODE_SIGN_IDENTITY = "iPhone Developer";
				COPY_PHASE_STRIP = NO;
				DEBUG_INFORMATION_FORMAT = dwarf;
				ENABLE_STRICT_OBJC_MSGSEND = YES;
				ENABLE_TESTABILITY = YES;
				GCC_C_LANGUAGE_STANDARD = gnu11;
				GCC_DYNAMIC_NO_PIC = NO;
				GCC_NO_COMMON_BLOCKS = YES;
				GCC_OPTIMIZATION_LEVEL = 0;
				GCC_PREPROCESSOR_DEFINITIONS = (
					"DEBUG=1",
					"$(inherited)",
				);
				GCC_WARN_64_TO_32_BIT_CONVERSION = YES;
				GCC_WARN_ABOUT_RETURN_TYPE = YES_ERROR;
				GCC_WARN_UNDECLARED_SELECTOR = YES;
				GCC_WARN_UNINITIALIZED_AUTOS = YES_AGGRESSIVE;
				GCC_WARN_UNUSED_FUNCTION = YES;
				GCC_WARN_UNUSED_VARIABLE = YES;
				IPHONEOS_DEPLOYMENT_TARGET = 12.1;
				MTL_ENABLE_DEBUG_INFO = INCLUDE_SOURCE;
				MTL_FAST_MATH = YES;
				ONLY_ACTIVE_ARCH = YES;
				SDKROOT = iphoneos;
				SWIFT_ACTIVE_COMPILATION_CONDITIONS = DEBUG;
				SWIFT_OPTIMIZATION_LEVEL = "-Onone";
			};
			name = Debug;
		};
		639AC12C21FB79E600B66008 /* Release */ = {
			isa = XCBuildConfiguration;
			buildSettings = {
				ALWAYS_SEARCH_USER_PATHS = NO;
				CLANG_ANALYZER_NONNULL = YES;
				CLANG_ANALYZER_NUMBER_OBJECT_CONVERSION = YES_AGGRESSIVE;
				CLANG_CXX_LANGUAGE_STANDARD = "gnu++14";
				CLANG_CXX_LIBRARY = "libc++";
				CLANG_ENABLE_MODULES = YES;
				CLANG_ENABLE_OBJC_ARC = YES;
				CLANG_ENABLE_OBJC_WEAK = YES;
				CLANG_WARN_BLOCK_CAPTURE_AUTORELEASING = YES;
				CLANG_WARN_BOOL_CONVERSION = YES;
				CLANG_WARN_COMMA = YES;
				CLANG_WARN_CONSTANT_CONVERSION = YES;
				CLANG_WARN_DEPRECATED_OBJC_IMPLEMENTATIONS = YES;
				CLANG_WARN_DIRECT_OBJC_ISA_USAGE = YES_ERROR;
				CLANG_WARN_DOCUMENTATION_COMMENTS = YES;
				CLANG_WARN_EMPTY_BODY = YES;
				CLANG_WARN_ENUM_CONVERSION = YES;
				CLANG_WARN_INFINITE_RECURSION = YES;
				CLANG_WARN_INT_CONVERSION = YES;
				CLANG_WARN_NON_LITERAL_NULL_CONVERSION = YES;
				CLANG_WARN_OBJC_IMPLICIT_RETAIN_SELF = YES;
				CLANG_WARN_OBJC_LITERAL_CONVERSION = YES;
				CLANG_WARN_OBJC_ROOT_CLASS = YES_ERROR;
				CLANG_WARN_RANGE_LOOP_ANALYSIS = YES;
				CLANG_WARN_STRICT_PROTOTYPES = YES;
				CLANG_WARN_SUSPICIOUS_MOVE = YES;
				CLANG_WARN_UNGUARDED_AVAILABILITY = YES_AGGRESSIVE;
				CLANG_WARN_UNREACHABLE_CODE = YES;
				CLANG_WARN__DUPLICATE_METHOD_MATCH = YES;
				CODE_SIGN_IDENTITY = "iPhone Developer";
				COPY_PHASE_STRIP = NO;
				DEBUG_INFORMATION_FORMAT = "dwarf-with-dsym";
				ENABLE_NS_ASSERTIONS = NO;
				ENABLE_STRICT_OBJC_MSGSEND = YES;
				GCC_C_LANGUAGE_STANDARD = gnu11;
				GCC_NO_COMMON_BLOCKS = YES;
				GCC_WARN_64_TO_32_BIT_CONVERSION = YES;
				GCC_WARN_ABOUT_RETURN_TYPE = YES_ERROR;
				GCC_WARN_UNDECLARED_SELECTOR = YES;
				GCC_WARN_UNINITIALIZED_AUTOS = YES_AGGRESSIVE;
				GCC_WARN_UNUSED_FUNCTION = YES;
				GCC_WARN_UNUSED_VARIABLE = YES;
				IPHONEOS_DEPLOYMENT_TARGET = 12.1;
				MTL_ENABLE_DEBUG_INFO = NO;
				MTL_FAST_MATH = YES;
				SDKROOT = iphoneos;
				SWIFT_COMPILATION_MODE = wholemodule;
				SWIFT_OPTIMIZATION_LEVEL = "-O";
				VALIDATE_PRODUCT = YES;
			};
			name = Release;
		};
		639AC12E21FB79E600B66008 /* Debug */ = {
			isa = XCBuildConfiguration;
			baseConfigurationReference = D997EF3EBE183BC42FFBEB99 /* Pods-Smack.debug.xcconfig */;
			buildSettings = {
				ASSETCATALOG_COMPILER_APPICON_NAME = AppIcon;
				CLANG_ENABLE_MODULES = YES;
				CODE_SIGN_STYLE = Automatic;
				DEVELOPMENT_TEAM = T45AFREN35;
				INFOPLIST_FILE = Smack/Info.plist;
				LD_RUNPATH_SEARCH_PATHS = (
					"$(inherited)",
					"@executable_path/Frameworks",
				);
				PRODUCT_BUNDLE_IDENTIFIER = "David-Sadler.Smack";
				PRODUCT_NAME = "$(TARGET_NAME)";
				SWIFT_OBJC_BRIDGING_HEADER = "Smack/Supporting Files/Smack-Bridging-Header.h";
				SWIFT_OPTIMIZATION_LEVEL = "-Onone";
				SWIFT_VERSION = 4.2;
				TARGETED_DEVICE_FAMILY = "1,2";
			};
			name = Debug;
		};
		639AC12F21FB79E600B66008 /* Release */ = {
			isa = XCBuildConfiguration;
			baseConfigurationReference = F8F75C82316E88D3E92ECD80 /* Pods-Smack.release.xcconfig */;
			buildSettings = {
				ASSETCATALOG_COMPILER_APPICON_NAME = AppIcon;
				CLANG_ENABLE_MODULES = YES;
				CODE_SIGN_STYLE = Automatic;
				DEVELOPMENT_TEAM = T45AFREN35;
				INFOPLIST_FILE = Smack/Info.plist;
				LD_RUNPATH_SEARCH_PATHS = (
					"$(inherited)",
					"@executable_path/Frameworks",
				);
				PRODUCT_BUNDLE_IDENTIFIER = "David-Sadler.Smack";
				PRODUCT_NAME = "$(TARGET_NAME)";
				SWIFT_OBJC_BRIDGING_HEADER = "Smack/Supporting Files/Smack-Bridging-Header.h";
				SWIFT_VERSION = 4.2;
				TARGETED_DEVICE_FAMILY = "1,2";
			};
			name = Release;
		};
		639AC13121FB79E600B66008 /* Debug */ = {
			isa = XCBuildConfiguration;
			baseConfigurationReference = 3FB1F8AB8DA9EAB13DECD636 /* Pods-SmackTests.debug.xcconfig */;
			buildSettings = {
				ALWAYS_EMBED_SWIFT_STANDARD_LIBRARIES = YES;
				BUNDLE_LOADER = "$(TEST_HOST)";
				CODE_SIGN_STYLE = Automatic;
				DEVELOPMENT_TEAM = T45AFREN35;
				INFOPLIST_FILE = SmackTests/Info.plist;
				LD_RUNPATH_SEARCH_PATHS = (
					"$(inherited)",
					"@executable_path/Frameworks",
					"@loader_path/Frameworks",
				);
				PRODUCT_BUNDLE_IDENTIFIER = "David-Sadler.SmackTests";
				PRODUCT_NAME = "$(TARGET_NAME)";
				SWIFT_VERSION = 4.2;
				TARGETED_DEVICE_FAMILY = "1,2";
				TEST_HOST = "$(BUILT_PRODUCTS_DIR)/Smack.app/Smack";
			};
			name = Debug;
		};
		639AC13221FB79E600B66008 /* Release */ = {
			isa = XCBuildConfiguration;
			baseConfigurationReference = F1782ECBAE714DEE1206C5D5 /* Pods-SmackTests.release.xcconfig */;
			buildSettings = {
				ALWAYS_EMBED_SWIFT_STANDARD_LIBRARIES = YES;
				BUNDLE_LOADER = "$(TEST_HOST)";
				CODE_SIGN_STYLE = Automatic;
				DEVELOPMENT_TEAM = T45AFREN35;
				INFOPLIST_FILE = SmackTests/Info.plist;
				LD_RUNPATH_SEARCH_PATHS = (
					"$(inherited)",
					"@executable_path/Frameworks",
					"@loader_path/Frameworks",
				);
				PRODUCT_BUNDLE_IDENTIFIER = "David-Sadler.SmackTests";
				PRODUCT_NAME = "$(TARGET_NAME)";
				SWIFT_VERSION = 4.2;
				TARGETED_DEVICE_FAMILY = "1,2";
				TEST_HOST = "$(BUILT_PRODUCTS_DIR)/Smack.app/Smack";
			};
			name = Release;
		};
		639AC13421FB79E600B66008 /* Debug */ = {
			isa = XCBuildConfiguration;
			baseConfigurationReference = F5879DD21B3F74FBCBE714ED /* Pods-SmackUITests.debug.xcconfig */;
			buildSettings = {
				ALWAYS_EMBED_SWIFT_STANDARD_LIBRARIES = YES;
				CODE_SIGN_STYLE = Automatic;
				DEVELOPMENT_TEAM = T45AFREN35;
				INFOPLIST_FILE = SmackUITests/Info.plist;
				LD_RUNPATH_SEARCH_PATHS = (
					"$(inherited)",
					"@executable_path/Frameworks",
					"@loader_path/Frameworks",
				);
				PRODUCT_BUNDLE_IDENTIFIER = "David-Sadler.SmackUITests";
				PRODUCT_NAME = "$(TARGET_NAME)";
				SWIFT_VERSION = 4.2;
				TARGETED_DEVICE_FAMILY = "1,2";
				TEST_TARGET_NAME = Smack;
			};
			name = Debug;
		};
		639AC13521FB79E600B66008 /* Release */ = {
			isa = XCBuildConfiguration;
			baseConfigurationReference = 0DDE3C061FFFC44D0DF44B3A /* Pods-SmackUITests.release.xcconfig */;
			buildSettings = {
				ALWAYS_EMBED_SWIFT_STANDARD_LIBRARIES = YES;
				CODE_SIGN_STYLE = Automatic;
				DEVELOPMENT_TEAM = T45AFREN35;
				INFOPLIST_FILE = SmackUITests/Info.plist;
				LD_RUNPATH_SEARCH_PATHS = (
					"$(inherited)",
					"@executable_path/Frameworks",
					"@loader_path/Frameworks",
				);
				PRODUCT_BUNDLE_IDENTIFIER = "David-Sadler.SmackUITests";
				PRODUCT_NAME = "$(TARGET_NAME)";
				SWIFT_VERSION = 4.2;
				TARGETED_DEVICE_FAMILY = "1,2";
				TEST_TARGET_NAME = Smack;
			};
			name = Release;
		};
/* End XCBuildConfiguration section */

/* Begin XCConfigurationList section */
		639AC10021FB79E400B66008 /* Build configuration list for PBXProject "Smack" */ = {
			isa = XCConfigurationList;
			buildConfigurations = (
				639AC12B21FB79E600B66008 /* Debug */,
				639AC12C21FB79E600B66008 /* Release */,
			);
			defaultConfigurationIsVisible = 0;
			defaultConfigurationName = Release;
		};
		639AC12D21FB79E600B66008 /* Build configuration list for PBXNativeTarget "Smack" */ = {
			isa = XCConfigurationList;
			buildConfigurations = (
				639AC12E21FB79E600B66008 /* Debug */,
				639AC12F21FB79E600B66008 /* Release */,
			);
			defaultConfigurationIsVisible = 0;
			defaultConfigurationName = Release;
		};
		639AC13021FB79E600B66008 /* Build configuration list for PBXNativeTarget "SmackTests" */ = {
			isa = XCConfigurationList;
			buildConfigurations = (
				639AC13121FB79E600B66008 /* Debug */,
				639AC13221FB79E600B66008 /* Release */,
			);
			defaultConfigurationIsVisible = 0;
			defaultConfigurationName = Release;
		};
		639AC13321FB79E600B66008 /* Build configuration list for PBXNativeTarget "SmackUITests" */ = {
			isa = XCConfigurationList;
			buildConfigurations = (
				639AC13421FB79E600B66008 /* Debug */,
				639AC13521FB79E600B66008 /* Release */,
			);
			defaultConfigurationIsVisible = 0;
			defaultConfigurationName = Release;
		};
/* End XCConfigurationList section */
	};
	rootObject = 639AC0FD21FB79E400B66008 /* Project object */;
}
